
Microsoft Visual Studio Solution File, Format Version 12.00
Project("{FAE04EC0-301F-11D3-BF4B-00C04F79EFBC}") = "GymRecord", "src\GymRecord\GymRecord.csproj", "{488F0B54-EBF5-4F27-950F-239F45C82DDE}"
EndProject
Project("{FAE04EC0-301F-11D3-BF4B-00C04F79EFBC}") = "GymRecord.Config", "src\GymRecord.Config\GymRecord.Config.csproj", "{C991DC22-8BE8-42B9-8D24-503B9217612C}"
EndProject
Project("{FAE04EC0-301F-11D3-BF4B-00C04F79EFBC}") = "GymRecord.Core", "src\GymRecord.Core\GymRecord.Core.csproj", "{0C15C25C-C1FD-44CA-AA53-68CD13FF62A5}"
EndProject
Project("{FAE04EC0-301F-11D3-BF4B-00C04F79EFBC}") = "GymRecord.Data", "src\GymRecord.Data\GymRecord.Data.csproj", "{8C71753C-D16D-4481-8416-15C6AA819BF9}"
EndProject
Project("{2150E333-8FDC-42A3-9474-1A3956D46DE8}") = "src", "src", "{2A8D83D0-42F4-4AE6-90A4-9DF9E47DEC96}"
EndProject
Project("{FAE04EC0-301F-11D3-BF4B-00C04F79EFBC}") = "GymRecord.Tests", "tests\GymRecord.Tests\GymRecord.Tests.csproj", "{8FFDDF69-C3D3-4D60-BE3A-7A9B51AF359E}"
EndProject
Project("{2150E333-8FDC-42A3-9474-1A3956D46DE8}") = "tests", "tests", "{AFB4BC2A-7D5C-4350-8A9C-A0554C8E969A}"
EndProject
Project("{2150E333-8FDC-42A3-9474-1A3956D46DE8}") = "libs", "libs", "{45F19C86-7476-442B-B6DC-795847ADB6EB}"
EndProject
Project("{FAE04EC0-301F-11D3-BF4B-00C04F79EFBC}") = "GymRecords.DataLayer", "libs\GymRecords.DataLayer\GymRecords.DataLayer.csproj", "{1860D586-EC55-4C68-82A2-3396E3E1549E}"
EndProject
Project("{FAE04EC0-301F-11D3-BF4B-00C04F79EFBC}") = "SimpleMapper", "libs\SimpleMapper\SimpleMapper.csproj", "{B98734C9-4443-407A-975E-678E1DBF8D2F}"
EndProject
Global
	GlobalSection(SolutionConfigurationPlatforms) = preSolution
		Debug|Any CPU = Debug|Any CPU
		Release|Any CPU = Release|Any CPU
	EndGlobalSection
	GlobalSection(ProjectConfigurationPlatforms) = postSolution
		{488F0B54-EBF5-4F27-950F-239F45C82DDE}.Debug|Any CPU.ActiveCfg = Debug|Any CPU
		{488F0B54-EBF5-4F27-950F-239F45C82DDE}.Debug|Any CPU.Build.0 = Debug|Any CPU
		{488F0B54-EBF5-4F27-950F-239F45C82DDE}.Release|Any CPU.ActiveCfg = Release|Any CPU
		{488F0B54-EBF5-4F27-950F-239F45C82DDE}.Release|Any CPU.Build.0 = Release|Any CPU
		{C991DC22-8BE8-42B9-8D24-503B9217612C}.Debug|Any CPU.ActiveCfg = Debug|Any CPU
		{C991DC22-8BE8-42B9-8D24-503B9217612C}.Debug|Any CPU.Build.0 = Debug|Any CPU
		{C991DC22-8BE8-42B9-8D24-503B9217612C}.Release|Any CPU.ActiveCfg = Release|Any CPU
		{C991DC22-8BE8-42B9-8D24-503B9217612C}.Release|Any CPU.Build.0 = Release|Any CPU
		{0C15C25C-C1FD-44CA-AA53-68CD13FF62A5}.Debug|Any CPU.ActiveCfg = Debug|Any CPU
		{0C15C25C-C1FD-44CA-AA53-68CD13FF62A5}.Debug|Any CPU.Build.0 = Debug|Any CPU
		{0C15C25C-C1FD-44CA-AA53-68CD13FF62A5}.Release|Any CPU.ActiveCfg = Release|Any CPU
		{0C15C25C-C1FD-44CA-AA53-68CD13FF62A5}.Release|Any CPU.Build.0 = Release|Any CPU
		{8C71753C-D16D-4481-8416-15C6AA819BF9}.Debug|Any CPU.ActiveCfg = Debug|Any CPU
		{8C71753C-D16D-4481-8416-15C6AA819BF9}.Debug|Any CPU.Build.0 = Debug|Any CPU
		{8C71753C-D16D-4481-8416-15C6AA819BF9}.Release|Any CPU.ActiveCfg = Release|Any CPU
		{8C71753C-D16D-4481-8416-15C6AA819BF9}.Release|Any CPU.Build.0 = Release|Any CPU
		{8FFDDF69-C3D3-4D60-BE3A-7A9B51AF359E}.Debug|Any CPU.ActiveCfg = Debug|Any CPU
		{8FFDDF69-C3D3-4D60-BE3A-7A9B51AF359E}.Debug|Any CPU.Build.0 = Debug|Any CPU
		{8FFDDF69-C3D3-4D60-BE3A-7A9B51AF359E}.Release|Any CPU.ActiveCfg = Release|Any CPU
		{8FFDDF69-C3D3-4D60-BE3A-7A9B51AF359E}.Release|Any CPU.Build.0 = Release|Any CPU
		{1860D586-EC55-4C68-82A2-3396E3E1549E}.Debug|Any CPU.ActiveCfg = Debug|Any CPU
		{1860D586-EC55-4C68-82A2-3396E3E1549E}.Debug|Any CPU.Build.0 = Debug|Any CPU
		{1860D586-EC55-4C68-82A2-3396E3E1549E}.Release|Any CPU.ActiveCfg = Release|Any CPU
		{1860D586-EC55-4C68-82A2-3396E3E1549E}.Release|Any CPU.Build.0 = Release|Any CPU
		{B98734C9-4443-407A-975E-678E1DBF8D2F}.Debug|Any CPU.ActiveCfg = Debug|Any CPU
		{B98734C9-4443-407A-975E-678E1DBF8D2F}.Debug|Any CPU.Build.0 = Debug|Any CPU
		{B98734C9-4443-407A-975E-678E1DBF8D2F}.Release|Any CPU.ActiveCfg = Release|Any CPU
		{B98734C9-4443-407A-975E-678E1DBF8D2F}.Release|Any CPU.Build.0 = Release|Any CPU
	EndGlobalSection
	GlobalSection(NestedProjects) = preSolution
		{488F0B54-EBF5-4F27-950F-239F45C82DDE} = {2A8D83D0-42F4-4AE6-90A4-9DF9E47DEC96}
		{C991DC22-8BE8-42B9-8D24-503B9217612C} = {2A8D83D0-42F4-4AE6-90A4-9DF9E47DEC96}
		{0C15C25C-C1FD-44CA-AA53-68CD13FF62A5} = {2A8D83D0-42F4-4AE6-90A4-9DF9E47DEC96}
		{8C71753C-D16D-4481-8416-15C6AA819BF9} = {2A8D83D0-42F4-4AE6-90A4-9DF9E47DEC96}
		{8FFDDF69-C3D3-4D60-BE3A-7A9B51AF359E} = {AFB4BC2A-7D5C-4350-8A9C-A0554C8E969A}
		{1860D586-EC55-4C68-82A2-3396E3E1549E} = {45F19C86-7476-442B-B6DC-795847ADB6EB}
		{B98734C9-4443-407A-975E-678E1DBF8D2F} = {45F19C86-7476-442B-B6DC-795847ADB6EB}
	EndGlobalSection
EndGlobal
